
Microsoft Visual Studio Solution File, Format Version 12.00
# Visual Studio Version 16
VisualStudioVersion = 16.0.30320.27
MinimumVisualStudioVersion = 10.0.40219.1
Project("{9A19103F-16F7-4668-BE54-9A1E7A4F7556}") = "TrinetiumAPI", "TrinetiumAPI.csproj", "{5A9887F9-1B7C-4274-8902-9D83A229B936}"
EndProject
Project("{9A19103F-16F7-4668-BE54-9A1E7A4F7556}") = "Trinetium.Entities", "..\Trinetium.Entities\Trinetium.Entities.csproj", "{78296D6A-E221-4B99-BB1A-DFBE1ECAB45C}"
EndProject
Project("{9A19103F-16F7-4668-BE54-9A1E7A4F7556}") = "Trinetium.Contracts", "..\Trinetium.Contracts\Trinetium.Contracts.csproj", "{A0814D37-1C8F-4DA5-818C-AF5A0147B8C4}"
EndProject
Project("{9A19103F-16F7-4668-BE54-9A1E7A4F7556}") = "LoggerService", "..\LoggerService\LoggerService.csproj", "{D476A12B-3D8C-46FD-996C-E3276B03E0BE}"
EndProject
Project("{FAE04EC0-301F-11D3-BF4B-00C04F79EFBC}") = "Trinetium.Repository", "..\Trinetium.Repository\Trinetium.Repository.csproj", "{937AB130-D3B1-4809-AB5C-92F409DAC56B}"
EndProject
Global
	GlobalSection(SolutionConfigurationPlatforms) = preSolution
		Debug|Any CPU = Debug|Any CPU
		Release|Any CPU = Release|Any CPU
	EndGlobalSection
	GlobalSection(ProjectConfigurationPlatforms) = postSolution
		{5A9887F9-1B7C-4274-8902-9D83A229B936}.Debug|Any CPU.ActiveCfg = Debug|Any CPU
		{5A9887F9-1B7C-4274-8902-9D83A229B936}.Debug|Any CPU.Build.0 = Debug|Any CPU
		{5A9887F9-1B7C-4274-8902-9D83A229B936}.Release|Any CPU.ActiveCfg = Release|Any CPU
		{5A9887F9-1B7C-4274-8902-9D83A229B936}.Release|Any CPU.Build.0 = Release|Any CPU
		{78296D6A-E221-4B99-BB1A-DFBE1ECAB45C}.Debug|Any CPU.ActiveCfg = Debug|Any CPU
		{78296D6A-E221-4B99-BB1A-DFBE1ECAB45C}.Debug|Any CPU.Build.0 = Debug|Any CPU
		{78296D6A-E221-4B99-BB1A-DFBE1ECAB45C}.Release|Any CPU.ActiveCfg = Release|Any CPU
		{78296D6A-E221-4B99-BB1A-DFBE1ECAB45C}.Release|Any CPU.Build.0 = Release|Any CPU
		{A0814D37-1C8F-4DA5-818C-AF5A0147B8C4}.Debug|Any CPU.ActiveCfg = Debug|Any CPU
		{A0814D37-1C8F-4DA5-818C-AF5A0147B8C4}.Debug|Any CPU.Build.0 = Debug|Any CPU
		{A0814D37-1C8F-4DA5-818C-AF5A0147B8C4}.Release|Any CPU.ActiveCfg = Release|Any CPU
		{A0814D37-1C8F-4DA5-818C-AF5A0147B8C4}.Release|Any CPU.Build.0 = Release|Any CPU
		{D476A12B-3D8C-46FD-996C-E3276B03E0BE}.Debug|Any CPU.ActiveCfg = Debug|Any CPU
		{D476A12B-3D8C-46FD-996C-E3276B03E0BE}.Debug|Any CPU.Build.0 = Debug|Any CPU
		{D476A12B-3D8C-46FD-996C-E3276B03E0BE}.Release|Any CPU.ActiveCfg = Release|Any CPU
		{D476A12B-3D8C-46FD-996C-E3276B03E0BE}.Release|Any CPU.Build.0 = Release|Any CPU
		{937AB130-D3B1-4809-AB5C-92F409DAC56B}.Debug|Any CPU.ActiveCfg = Debug|Any CPU
		{937AB130-D3B1-4809-AB5C-92F409DAC56B}.Debug|Any CPU.Build.0 = Debug|Any CPU
		{937AB130-D3B1-4809-AB5C-92F409DAC56B}.Release|Any CPU.ActiveCfg = Release|Any CPU
		{937AB130-D3B1-4809-AB5C-92F409DAC56B}.Release|Any CPU.Build.0 = Release|Any CPU
	EndGlobalSection
	GlobalSection(SolutionProperties) = preSolution
		HideSolutionNode = FALSE
	EndGlobalSection
	GlobalSection(ExtensibilityGlobals) = postSolution
		SolutionGuid = {C382AF4F-34B9-47D0-B028-ED41D181813F}
	EndGlobalSection
EndGlobal
